
Microsoft Visual Studio Solution File, Format Version 12.00
# Visual Studio Version 17
VisualStudioVersion = 17.8.34309.116
MinimumVisualStudioVersion = 10.0.40219.1
Project("{FAE04EC0-301F-11D3-BF4B-00C04F79EFBC}") = "Solid_Principles_POC", "Solid_Principles_POC.csproj", "{BD67E59E-B411-4141-80B9-7BB3FDC15404}"
EndProject
Global
	GlobalSection(SolutionConfigurationPlatforms) = preSolution
		Debug|Any CPU = Debug|Any CPU
		Release|Any CPU = Release|Any CPU
	EndGlobalSection
	GlobalSection(ProjectConfigurationPlatforms) = postSolution
		{BD67E59E-B411-4141-80B9-7BB3FDC15404}.Debug|Any CPU.ActiveCfg = Debug|Any CPU
		{BD67E59E-B411-4141-80B9-7BB3FDC15404}.Debug|Any CPU.Build.0 = Debug|Any CPU
		{BD67E59E-B411-4141-80B9-7BB3FDC15404}.Release|Any CPU.ActiveCfg = Release|Any CPU
		{BD67E59E-B411-4141-80B9-7BB3FDC15404}.Release|Any CPU.Build.0 = Release|Any CPU
	EndGlobalSection
	GlobalSection(SolutionProperties) = preSolution
		HideSolutionNode = FALSE
	EndGlobalSection
	GlobalSection(ExtensibilityGlobals) = postSolution
		SolutionGuid = {0BD089EE-C6B7-470C-9B77-FB13F611F1BC}
	EndGlobalSection
EndGlobal
